hash: 1502e2a772aa36dc5652184e87641721a40a6c019be60fa4d9d4c36f8c846282
updated: 2017-06-23T16:43:08.813762-04:00
imports:
- name: github.com/dghubble/sling
  version: eb56e89ac5088bebb12eef3cb4b293300f43608b
- name: github.com/google/go-querystring
  version: 53e6ce116135b80d037921a7fdd5138cf32d7a8a
  subpackages:
  - query
- name: github.com/stretchr/testify
  version: 69483b4bd14f5845b5a1e55bca19e954e827f1d0
  subpackages:
  - assert
testImports:
- name: github.com/davecgh/go-spew
  version: 6d212800a42e8ab5c146b8ace3490ee17e5225f9
  subpackages:
  - spew
- name: github.com/pmezard/go-difflib
  version: d8ed2627bdf02c080bf22230dbb337003b7aba2d
  subpackages:
  - difflib
